
Microsoft Visual Studio Solution File, Format Version 12.00
# Visual Studio 2013
VisualStudioVersion = 12.0.31101.0
MinimumVisualStudioVersion = 10.0.40219.1
Project("{FAE04EC0-301F-11D3-BF4B-00C04F79EFBC}") = "01.HumanStudentAndWorker", "01.HumanStudentAndWorker\01.HumanStudentAndWorker.csproj", "{82863F0B-9B68-4830-8E06-492EC21BA811}"
EndProject
Project("{FAE04EC0-301F-11D3-BF4B-00C04F79EFBC}") = "02.Animals", "02.Animals\02.Animals.csproj", "{E9290800-EE7C-4D9E-A04C-AB5EF0714A67}"
EndProject
Project("{FAE04EC0-301F-11D3-BF4B-00C04F79EFBC}") = "03.CompanyHierarchy", "03.CompanyHierarchy\03.CompanyHierarchy.csproj", "{B55C48A2-7671-450B-B6B9-CA1417D26978}"
EndProject
Global
	GlobalSection(SolutionConfigurationPlatforms) = preSolution
		Debug|Any CPU = Debug|Any CPU
		Release|Any CPU = Release|Any CPU
	EndGlobalSection
	GlobalSection(ProjectConfigurationPlatforms) = postSolution
		{82863F0B-9B68-4830-8E06-492EC21BA811}.Debug|Any CPU.ActiveCfg = Debug|Any CPU
		{82863F0B-9B68-4830-8E06-492EC21BA811}.Debug|Any CPU.Build.0 = Debug|Any CPU
		{82863F0B-9B68-4830-8E06-492EC21BA811}.Release|Any CPU.ActiveCfg = Release|Any CPU
		{82863F0B-9B68-4830-8E06-492EC21BA811}.Release|Any CPU.Build.0 = Release|Any CPU
		{E9290800-EE7C-4D9E-A04C-AB5EF0714A67}.Debug|Any CPU.ActiveCfg = Debug|Any CPU
		{E9290800-EE7C-4D9E-A04C-AB5EF0714A67}.Debug|Any CPU.Build.0 = Debug|Any CPU
		{E9290800-EE7C-4D9E-A04C-AB5EF0714A67}.Release|Any CPU.ActiveCfg = Release|Any CPU
		{E9290800-EE7C-4D9E-A04C-AB5EF0714A67}.Release|Any CPU.Build.0 = Release|Any CPU
		{B55C48A2-7671-450B-B6B9-CA1417D26978}.Debug|Any CPU.ActiveCfg = Debug|Any CPU
		{B55C48A2-7671-450B-B6B9-CA1417D26978}.Debug|Any CPU.Build.0 = Debug|Any CPU
		{B55C48A2-7671-450B-B6B9-CA1417D26978}.Release|Any CPU.ActiveCfg = Release|Any CPU
		{B55C48A2-7671-450B-B6B9-CA1417D26978}.Release|Any CPU.Build.0 = Release|Any CPU
	EndGlobalSection
	GlobalSection(SolutionProperties) = preSolution
		HideSolutionNode = FALSE
	EndGlobalSection
EndGlobal
