
Microsoft Visual Studio Solution File, Format Version 12.00
# Visual Studio 2013
VisualStudioVersion = 12.0.40629.0
MinimumVisualStudioVersion = 10.0.40219.1
Project("{FAE04EC0-301F-11D3-BF4B-00C04F79EFBC}") = "Bookmarks.Models", "Bookmarks.Models\Bookmarks.Models.csproj", "{4D4292D0-D85E-4D92-B24E-E3FBA522DDFE}"
EndProject
Project("{FAE04EC0-301F-11D3-BF4B-00C04F79EFBC}") = "Bookmarks.Data", "Bookmars.Data\Bookmarks.Data.csproj", "{250FEB48-C1F6-41E9-A065-F45617CD13F9}"
EndProject
Project("{FAE04EC0-301F-11D3-BF4B-00C04F79EFBC}") = "Bookmarks.Web", "Bookmarks.Web\Bookmarks.Web.csproj", "{919113E3-47A0-48D6-A6F9-673FDC7D9A82}"
EndProject
Project("{FAE04EC0-301F-11D3-BF4B-00C04F79EFBC}") = "Bookmarks.Common", "Bookmarks.Common\Bookmarks.Common.csproj", "{1A7F9C30-439A-4445-91F9-A34C8F247527}"
EndProject
Global
	GlobalSection(SolutionConfigurationPlatforms) = preSolution
		Debug|Any CPU = Debug|Any CPU
		Release|Any CPU = Release|Any CPU
	EndGlobalSection
	GlobalSection(ProjectConfigurationPlatforms) = postSolution
		{4D4292D0-D85E-4D92-B24E-E3FBA522DDFE}.Debug|Any CPU.ActiveCfg = Debug|Any CPU
		{4D4292D0-D85E-4D92-B24E-E3FBA522DDFE}.Debug|Any CPU.Build.0 = Debug|Any CPU
		{4D4292D0-D85E-4D92-B24E-E3FBA522DDFE}.Release|Any CPU.ActiveCfg = Release|Any CPU
		{4D4292D0-D85E-4D92-B24E-E3FBA522DDFE}.Release|Any CPU.Build.0 = Release|Any CPU
		{250FEB48-C1F6-41E9-A065-F45617CD13F9}.Debug|Any CPU.ActiveCfg = Debug|Any CPU
		{250FEB48-C1F6-41E9-A065-F45617CD13F9}.Debug|Any CPU.Build.0 = Debug|Any CPU
		{250FEB48-C1F6-41E9-A065-F45617CD13F9}.Release|Any CPU.ActiveCfg = Release|Any CPU
		{250FEB48-C1F6-41E9-A065-F45617CD13F9}.Release|Any CPU.Build.0 = Release|Any CPU
		{919113E3-47A0-48D6-A6F9-673FDC7D9A82}.Debug|Any CPU.ActiveCfg = Debug|Any CPU
		{919113E3-47A0-48D6-A6F9-673FDC7D9A82}.Debug|Any CPU.Build.0 = Debug|Any CPU
		{919113E3-47A0-48D6-A6F9-673FDC7D9A82}.Release|Any CPU.ActiveCfg = Release|Any CPU
		{919113E3-47A0-48D6-A6F9-673FDC7D9A82}.Release|Any CPU.Build.0 = Release|Any CPU
		{1A7F9C30-439A-4445-91F9-A34C8F247527}.Debug|Any CPU.ActiveCfg = Debug|Any CPU
		{1A7F9C30-439A-4445-91F9-A34C8F247527}.Debug|Any CPU.Build.0 = Debug|Any CPU
		{1A7F9C30-439A-4445-91F9-A34C8F247527}.Release|Any CPU.ActiveCfg = Release|Any CPU
		{1A7F9C30-439A-4445-91F9-A34C8F247527}.Release|Any CPU.Build.0 = Release|Any CPU
	EndGlobalSection
	GlobalSection(SolutionProperties) = preSolution
		HideSolutionNode = FALSE
	EndGlobalSection
EndGlobal
