
Microsoft Visual Studio Solution File, Format Version 12.00
# Visual Studio 2013
VisualStudioVersion = 12.0.31101.0
MinimumVisualStudioVersion = 10.0.40219.1
Project("{FAE04EC0-301F-11D3-BF4B-00C04F79EFBC}") = "DatabaseAds", "DatabaseAds\DatabaseAds.csproj", "{7147C200-A081-4012-AB64-9DF4AEA92C45}"
EndProject
Project("{FAE04EC0-301F-11D3-BF4B-00C04F79EFBC}") = "01.RelatedTables", "01.RelatedTables\01.RelatedTables.csproj", "{CDCA5EFD-A9EB-41E5-879E-118123E1E8BC}"
EndProject
Project("{FAE04EC0-301F-11D3-BF4B-00C04F79EFBC}") = "02.PlayWithToList", "02.PlayWithToList\02.PlayWithToList.csproj", "{12CBCFB7-5BF4-4F2B-B0BD-94153F0EB62E}"
EndProject
Project("{FAE04EC0-301F-11D3-BF4B-00C04F79EFBC}") = "03.SelectEverythingFromAds", "03.SelectEverythingFromAds\03.SelectEverythingFromAds.csproj", "{71E74749-D1A7-432A-B2FC-871193667A1E}"
EndProject
Global
	GlobalSection(SolutionConfigurationPlatforms) = preSolution
		Debug|Any CPU = Debug|Any CPU
		Release|Any CPU = Release|Any CPU
	EndGlobalSection
	GlobalSection(ProjectConfigurationPlatforms) = postSolution
		{7147C200-A081-4012-AB64-9DF4AEA92C45}.Debug|Any CPU.ActiveCfg = Debug|Any CPU
		{7147C200-A081-4012-AB64-9DF4AEA92C45}.Debug|Any CPU.Build.0 = Debug|Any CPU
		{7147C200-A081-4012-AB64-9DF4AEA92C45}.Release|Any CPU.ActiveCfg = Release|Any CPU
		{7147C200-A081-4012-AB64-9DF4AEA92C45}.Release|Any CPU.Build.0 = Release|Any CPU
		{CDCA5EFD-A9EB-41E5-879E-118123E1E8BC}.Debug|Any CPU.ActiveCfg = Debug|Any CPU
		{CDCA5EFD-A9EB-41E5-879E-118123E1E8BC}.Debug|Any CPU.Build.0 = Debug|Any CPU
		{CDCA5EFD-A9EB-41E5-879E-118123E1E8BC}.Release|Any CPU.ActiveCfg = Release|Any CPU
		{CDCA5EFD-A9EB-41E5-879E-118123E1E8BC}.Release|Any CPU.Build.0 = Release|Any CPU
		{12CBCFB7-5BF4-4F2B-B0BD-94153F0EB62E}.Debug|Any CPU.ActiveCfg = Debug|Any CPU
		{12CBCFB7-5BF4-4F2B-B0BD-94153F0EB62E}.Debug|Any CPU.Build.0 = Debug|Any CPU
		{12CBCFB7-5BF4-4F2B-B0BD-94153F0EB62E}.Release|Any CPU.ActiveCfg = Release|Any CPU
		{12CBCFB7-5BF4-4F2B-B0BD-94153F0EB62E}.Release|Any CPU.Build.0 = Release|Any CPU
		{71E74749-D1A7-432A-B2FC-871193667A1E}.Debug|Any CPU.ActiveCfg = Debug|Any CPU
		{71E74749-D1A7-432A-B2FC-871193667A1E}.Debug|Any CPU.Build.0 = Debug|Any CPU
		{71E74749-D1A7-432A-B2FC-871193667A1E}.Release|Any CPU.ActiveCfg = Release|Any CPU
		{71E74749-D1A7-432A-B2FC-871193667A1E}.Release|Any CPU.Build.0 = Release|Any CPU
	EndGlobalSection
	GlobalSection(SolutionProperties) = preSolution
		HideSolutionNode = FALSE
	EndGlobalSection
EndGlobal
