
Microsoft Visual Studio Solution File, Format Version 12.00
# Visual Studio 14
VisualStudioVersion = 14.0.24720.0
MinimumVisualStudioVersion = 10.0.40219.1
Project("{FAE04EC0-301F-11D3-BF4B-00C04F79EFBC}") = "Tree", "Tree\Tree.csproj", "{B69E79AE-4E3D-41B8-9B47-05D7809E40C5}"
EndProject
Project("{FAE04EC0-301F-11D3-BF4B-00C04F79EFBC}") = "Tree.Tests", "Tree.Tests\Tree.Tests.csproj", "{B884A90F-7F7C-4A22-9B0C-0C5925B9D514}"
EndProject
Global
	GlobalSection(SolutionConfigurationPlatforms) = preSolution
		Debug|Any CPU = Debug|Any CPU
		Release|Any CPU = Release|Any CPU
	EndGlobalSection
	GlobalSection(ProjectConfigurationPlatforms) = postSolution
		{B69E79AE-4E3D-41B8-9B47-05D7809E40C5}.Debug|Any CPU.ActiveCfg = Debug|Any CPU
		{B69E79AE-4E3D-41B8-9B47-05D7809E40C5}.Debug|Any CPU.Build.0 = Debug|Any CPU
		{B69E79AE-4E3D-41B8-9B47-05D7809E40C5}.Release|Any CPU.ActiveCfg = Release|Any CPU
		{B69E79AE-4E3D-41B8-9B47-05D7809E40C5}.Release|Any CPU.Build.0 = Release|Any CPU
		{B884A90F-7F7C-4A22-9B0C-0C5925B9D514}.Debug|Any CPU.ActiveCfg = Debug|Any CPU
		{B884A90F-7F7C-4A22-9B0C-0C5925B9D514}.Debug|Any CPU.Build.0 = Debug|Any CPU
		{B884A90F-7F7C-4A22-9B0C-0C5925B9D514}.Release|Any CPU.ActiveCfg = Release|Any CPU
		{B884A90F-7F7C-4A22-9B0C-0C5925B9D514}.Release|Any CPU.Build.0 = Release|Any CPU
	EndGlobalSection
	GlobalSection(SolutionProperties) = preSolution
		HideSolutionNode = FALSE
	EndGlobalSection
EndGlobal
