
Microsoft Visual Studio Solution File, Format Version 12.00
# Visual Studio 2013
VisualStudioVersion = 12.0.31101.0
MinimumVisualStudioVersion = 10.0.40219.1
Project("{FAE04EC0-301F-11D3-BF4B-00C04F79EFBC}") = "01,02.DbContextSoftUniDatabaseWithDAOClass", "01.DbContextSoftUniDatabase\01,02.DbContextSoftUniDatabaseWithDAOClass.csproj", "{F165BED5-D4F8-40D0-8293-BD6A26081BF8}"
EndProject
Project("{FAE04EC0-301F-11D3-BF4B-00C04F79EFBC}") = "03,04.EmployeesWithProjectAfter2002AndNativeQuery", "02.EmployeesWithProjectAfter2002\03,04.EmployeesWithProjectAfter2002AndNativeQuery.csproj", "{82070164-9255-49D2-80AF-8BDAD7A087DD}"
EndProject
Project("{FAE04EC0-301F-11D3-BF4B-00C04F79EFBC}") = "05.EmployessByDepartmentAndManager", "05.EmployessByDepartmentAndManager\05.EmployessByDepartmentAndManager.csproj", "{090A0CB7-5AC1-4541-8EA9-06D5596634FE}"
EndProject
Project("{FAE04EC0-301F-11D3-BF4B-00C04F79EFBC}") = "06.TwoDifferentDataChanges", "06.TwoDifferentDataChanges\06.TwoDifferentDataChanges.csproj", "{2677842A-06A1-4E23-B29C-C568D7F5E338}"
EndProject
Project("{FAE04EC0-301F-11D3-BF4B-00C04F79EFBC}") = "08.AddNewProject", "08.AddNewProject\08.AddNewProject.csproj", "{960A10D8-0797-4B8C-8D95-ABD986F54647}"
EndProject
Project("{FAE04EC0-301F-11D3-BF4B-00C04F79EFBC}") = "09.CallAStoredFunction", "09.CallAStoredFunction\09.CallAStoredFunction.csproj", "{92A75DF5-D139-4E7E-9DA8-9407ECF2A1AE}"
EndProject
Global
	GlobalSection(SolutionConfigurationPlatforms) = preSolution
		Debug|Any CPU = Debug|Any CPU
		Release|Any CPU = Release|Any CPU
	EndGlobalSection
	GlobalSection(ProjectConfigurationPlatforms) = postSolution
		{F165BED5-D4F8-40D0-8293-BD6A26081BF8}.Debug|Any CPU.ActiveCfg = Debug|Any CPU
		{F165BED5-D4F8-40D0-8293-BD6A26081BF8}.Debug|Any CPU.Build.0 = Debug|Any CPU
		{F165BED5-D4F8-40D0-8293-BD6A26081BF8}.Release|Any CPU.ActiveCfg = Release|Any CPU
		{F165BED5-D4F8-40D0-8293-BD6A26081BF8}.Release|Any CPU.Build.0 = Release|Any CPU
		{82070164-9255-49D2-80AF-8BDAD7A087DD}.Debug|Any CPU.ActiveCfg = Debug|Any CPU
		{82070164-9255-49D2-80AF-8BDAD7A087DD}.Debug|Any CPU.Build.0 = Debug|Any CPU
		{82070164-9255-49D2-80AF-8BDAD7A087DD}.Release|Any CPU.ActiveCfg = Release|Any CPU
		{82070164-9255-49D2-80AF-8BDAD7A087DD}.Release|Any CPU.Build.0 = Release|Any CPU
		{090A0CB7-5AC1-4541-8EA9-06D5596634FE}.Debug|Any CPU.ActiveCfg = Debug|Any CPU
		{090A0CB7-5AC1-4541-8EA9-06D5596634FE}.Debug|Any CPU.Build.0 = Debug|Any CPU
		{090A0CB7-5AC1-4541-8EA9-06D5596634FE}.Release|Any CPU.ActiveCfg = Release|Any CPU
		{090A0CB7-5AC1-4541-8EA9-06D5596634FE}.Release|Any CPU.Build.0 = Release|Any CPU
		{2677842A-06A1-4E23-B29C-C568D7F5E338}.Debug|Any CPU.ActiveCfg = Debug|Any CPU
		{2677842A-06A1-4E23-B29C-C568D7F5E338}.Debug|Any CPU.Build.0 = Debug|Any CPU
		{2677842A-06A1-4E23-B29C-C568D7F5E338}.Release|Any CPU.ActiveCfg = Release|Any CPU
		{2677842A-06A1-4E23-B29C-C568D7F5E338}.Release|Any CPU.Build.0 = Release|Any CPU
		{960A10D8-0797-4B8C-8D95-ABD986F54647}.Debug|Any CPU.ActiveCfg = Debug|Any CPU
		{960A10D8-0797-4B8C-8D95-ABD986F54647}.Debug|Any CPU.Build.0 = Debug|Any CPU
		{960A10D8-0797-4B8C-8D95-ABD986F54647}.Release|Any CPU.ActiveCfg = Release|Any CPU
		{960A10D8-0797-4B8C-8D95-ABD986F54647}.Release|Any CPU.Build.0 = Release|Any CPU
		{92A75DF5-D139-4E7E-9DA8-9407ECF2A1AE}.Debug|Any CPU.ActiveCfg = Debug|Any CPU
		{92A75DF5-D139-4E7E-9DA8-9407ECF2A1AE}.Debug|Any CPU.Build.0 = Debug|Any CPU
		{92A75DF5-D139-4E7E-9DA8-9407ECF2A1AE}.Release|Any CPU.ActiveCfg = Release|Any CPU
		{92A75DF5-D139-4E7E-9DA8-9407ECF2A1AE}.Release|Any CPU.Build.0 = Release|Any CPU
	EndGlobalSection
	GlobalSection(SolutionProperties) = preSolution
		HideSolutionNode = FALSE
	EndGlobalSection
EndGlobal
