
Microsoft Visual Studio Solution File, Format Version 12.00
# Visual Studio 2013
VisualStudioVersion = 12.0.31101.0
MinimumVisualStudioVersion = 10.0.40219.1
Project("{FAE04EC0-301F-11D3-BF4B-00C04F79EFBC}") = "01.Persons", "01.Persons\01.Persons.csproj", "{9616BDC6-A1D1-474F-B71F-70B781F01550}"
EndProject
Project("{FAE04EC0-301F-11D3-BF4B-00C04F79EFBC}") = "02.LaptopShop", "02.LaptopShop\02.LaptopShop.csproj", "{7F067FEA-0B64-4CCD-B67C-5A28C0C210A4}"
EndProject
Project("{FAE04EC0-301F-11D3-BF4B-00C04F79EFBC}") = "03.PCCatalog", "03.PCCatalog\03.PCCatalog.csproj", "{58062375-244A-44FC-AA19-16C7E10F8923}"
EndProject
Project("{FAE04EC0-301F-11D3-BF4B-00C04F79EFBC}") = "04.SoftwareUniversityLearningSystem", "04.SoftwareUniversityLearningSystem\04.SoftwareUniversityLearningSystem.csproj", "{B00B98B5-65B5-409E-8055-9B9813CC681A}"
EndProject
Global
	GlobalSection(SolutionConfigurationPlatforms) = preSolution
		Debug|Any CPU = Debug|Any CPU
		Release|Any CPU = Release|Any CPU
	EndGlobalSection
	GlobalSection(ProjectConfigurationPlatforms) = postSolution
		{9616BDC6-A1D1-474F-B71F-70B781F01550}.Debug|Any CPU.ActiveCfg = Debug|Any CPU
		{9616BDC6-A1D1-474F-B71F-70B781F01550}.Debug|Any CPU.Build.0 = Debug|Any CPU
		{9616BDC6-A1D1-474F-B71F-70B781F01550}.Release|Any CPU.ActiveCfg = Release|Any CPU
		{9616BDC6-A1D1-474F-B71F-70B781F01550}.Release|Any CPU.Build.0 = Release|Any CPU
		{7F067FEA-0B64-4CCD-B67C-5A28C0C210A4}.Debug|Any CPU.ActiveCfg = Debug|Any CPU
		{7F067FEA-0B64-4CCD-B67C-5A28C0C210A4}.Debug|Any CPU.Build.0 = Debug|Any CPU
		{7F067FEA-0B64-4CCD-B67C-5A28C0C210A4}.Release|Any CPU.ActiveCfg = Release|Any CPU
		{7F067FEA-0B64-4CCD-B67C-5A28C0C210A4}.Release|Any CPU.Build.0 = Release|Any CPU
		{58062375-244A-44FC-AA19-16C7E10F8923}.Debug|Any CPU.ActiveCfg = Debug|Any CPU
		{58062375-244A-44FC-AA19-16C7E10F8923}.Debug|Any CPU.Build.0 = Debug|Any CPU
		{58062375-244A-44FC-AA19-16C7E10F8923}.Release|Any CPU.ActiveCfg = Release|Any CPU
		{58062375-244A-44FC-AA19-16C7E10F8923}.Release|Any CPU.Build.0 = Release|Any CPU
		{B00B98B5-65B5-409E-8055-9B9813CC681A}.Debug|Any CPU.ActiveCfg = Debug|Any CPU
		{B00B98B5-65B5-409E-8055-9B9813CC681A}.Debug|Any CPU.Build.0 = Debug|Any CPU
		{B00B98B5-65B5-409E-8055-9B9813CC681A}.Release|Any CPU.ActiveCfg = Release|Any CPU
		{B00B98B5-65B5-409E-8055-9B9813CC681A}.Release|Any CPU.Build.0 = Release|Any CPU
	EndGlobalSection
	GlobalSection(SolutionProperties) = preSolution
		HideSolutionNode = FALSE
	EndGlobalSection
EndGlobal
