
Microsoft Visual Studio Solution File, Format Version 12.00
# Visual Studio 2013
VisualStudioVersion = 12.0.40629.0
MinimumVisualStudioVersion = 10.0.40219.1
Project("{FAE04EC0-301F-11D3-BF4B-00C04F79EFBC}") = "01.DistanceService", "01.DistanceService\01.DistanceService.csproj", "{FDCACF75-06BC-4CA9-8332-B620D71CA0CA}"
EndProject
Project("{FAE04EC0-301F-11D3-BF4B-00C04F79EFBC}") = "02.DistanceServiceClient", "02.DistanceServiceClient\02.DistanceServiceClient.csproj", "{F4C4E97D-9DA3-4220-A60D-2C7F1BC42FD7}"
	ProjectSection(ProjectDependencies) = postProject
		{FDCACF75-06BC-4CA9-8332-B620D71CA0CA} = {FDCACF75-06BC-4CA9-8332-B620D71CA0CA}
	EndProjectSection
EndProject
Project("{FAE04EC0-301F-11D3-BF4B-00C04F79EFBC}") = "03.DistanceRestService", "03.DistanceRestService\03.DistanceRestService.csproj", "{A19E5416-7576-4015-BD18-F1EAFF77CBF3}"
EndProject
Project("{FAE04EC0-301F-11D3-BF4B-00C04F79EFBC}") = "04.DistanceRestServiceClient", "04.DistanceRestServiceClient\04.DistanceRestServiceClient.csproj", "{974C2E8D-007B-456B-AD7E-81BC93B99579}"
EndProject
Global
	GlobalSection(SolutionConfigurationPlatforms) = preSolution
		Debug|Any CPU = Debug|Any CPU
		Release|Any CPU = Release|Any CPU
	EndGlobalSection
	GlobalSection(ProjectConfigurationPlatforms) = postSolution
		{FDCACF75-06BC-4CA9-8332-B620D71CA0CA}.Debug|Any CPU.ActiveCfg = Debug|Any CPU
		{FDCACF75-06BC-4CA9-8332-B620D71CA0CA}.Debug|Any CPU.Build.0 = Debug|Any CPU
		{FDCACF75-06BC-4CA9-8332-B620D71CA0CA}.Release|Any CPU.ActiveCfg = Release|Any CPU
		{FDCACF75-06BC-4CA9-8332-B620D71CA0CA}.Release|Any CPU.Build.0 = Release|Any CPU
		{F4C4E97D-9DA3-4220-A60D-2C7F1BC42FD7}.Debug|Any CPU.ActiveCfg = Debug|Any CPU
		{F4C4E97D-9DA3-4220-A60D-2C7F1BC42FD7}.Debug|Any CPU.Build.0 = Debug|Any CPU
		{F4C4E97D-9DA3-4220-A60D-2C7F1BC42FD7}.Release|Any CPU.ActiveCfg = Release|Any CPU
		{F4C4E97D-9DA3-4220-A60D-2C7F1BC42FD7}.Release|Any CPU.Build.0 = Release|Any CPU
		{A19E5416-7576-4015-BD18-F1EAFF77CBF3}.Debug|Any CPU.ActiveCfg = Debug|Any CPU
		{A19E5416-7576-4015-BD18-F1EAFF77CBF3}.Debug|Any CPU.Build.0 = Debug|Any CPU
		{A19E5416-7576-4015-BD18-F1EAFF77CBF3}.Release|Any CPU.ActiveCfg = Release|Any CPU
		{A19E5416-7576-4015-BD18-F1EAFF77CBF3}.Release|Any CPU.Build.0 = Release|Any CPU
		{974C2E8D-007B-456B-AD7E-81BC93B99579}.Debug|Any CPU.ActiveCfg = Debug|Any CPU
		{974C2E8D-007B-456B-AD7E-81BC93B99579}.Debug|Any CPU.Build.0 = Debug|Any CPU
		{974C2E8D-007B-456B-AD7E-81BC93B99579}.Release|Any CPU.ActiveCfg = Release|Any CPU
		{974C2E8D-007B-456B-AD7E-81BC93B99579}.Release|Any CPU.Build.0 = Release|Any CPU
	EndGlobalSection
	GlobalSection(SolutionProperties) = preSolution
		HideSolutionNode = FALSE
	EndGlobalSection
EndGlobal
