
Microsoft Visual Studio Solution File, Format Version 12.00
# Visual Studio 2013
VisualStudioVersion = 12.0.31101.0
MinimumVisualStudioVersion = 10.0.40219.1
Project("{FAE04EC0-301F-11D3-BF4B-00C04F79EFBC}") = "01.ReverseNumberWithStack", "01.ReverseNumberWithStack\01.ReverseNumberWithStack.csproj", "{36DB44C9-6C2E-42B1-8164-ACAE6ACDAEC4}"
EndProject
Project("{FAE04EC0-301F-11D3-BF4B-00C04F79EFBC}") = "02.CalcSequenceWithQueue", "02.CalcSequenceWithQueue\02.CalcSequenceWithQueue.csproj", "{3B2C7AA7-8723-4244-A8FE-1461C3C26CF7}"
EndProject
Project("{FAE04EC0-301F-11D3-BF4B-00C04F79EFBC}") = "03.ArrayStack", "03.ArrayStack\03.ArrayStack.csproj", "{487BE4EF-5856-49EB-A7A9-874AEBEA79E8}"
EndProject
Project("{FAE04EC0-301F-11D3-BF4B-00C04F79EFBC}") = "04.ArrayStackUnitTests", "04.ArrayStackUnitTests\04.ArrayStackUnitTests.csproj", "{D201807D-6B7B-4C5F-9998-520CA8B8BA34}"
EndProject
Project("{FAE04EC0-301F-11D3-BF4B-00C04F79EFBC}") = "05.LinkedStack", "05.LinkedStack\05.LinkedStack.csproj", "{06099761-9C1C-4061-9BCD-AE84A47CDBA4}"
EndProject
Project("{FAE04EC0-301F-11D3-BF4B-00C04F79EFBC}") = "06.LinkedStackTests", "06.LinkedStackTests\06.LinkedStackTests.csproj", "{CBB0F94E-AFC1-4412-89E6-AA662B6915C4}"
EndProject
Project("{FAE04EC0-301F-11D3-BF4B-00C04F79EFBC}") = "07.LinkedQueue", "07.LinkedQueue\07.LinkedQueue.csproj", "{FD1A07F0-F02F-4275-AA01-14F4209568A0}"
EndProject
Project("{FAE04EC0-301F-11D3-BF4B-00C04F79EFBC}") = "08.LinkedQueueUnitTests", "08.LinkedQueueUnitTests\08.LinkedQueueUnitTests.csproj", "{4D626E4F-9F60-4B81-A832-8F1272361283}"
EndProject
Global
	GlobalSection(SolutionConfigurationPlatforms) = preSolution
		Debug|Any CPU = Debug|Any CPU
		Release|Any CPU = Release|Any CPU
	EndGlobalSection
	GlobalSection(ProjectConfigurationPlatforms) = postSolution
		{36DB44C9-6C2E-42B1-8164-ACAE6ACDAEC4}.Debug|Any CPU.ActiveCfg = Debug|Any CPU
		{36DB44C9-6C2E-42B1-8164-ACAE6ACDAEC4}.Debug|Any CPU.Build.0 = Debug|Any CPU
		{36DB44C9-6C2E-42B1-8164-ACAE6ACDAEC4}.Release|Any CPU.ActiveCfg = Release|Any CPU
		{36DB44C9-6C2E-42B1-8164-ACAE6ACDAEC4}.Release|Any CPU.Build.0 = Release|Any CPU
		{3B2C7AA7-8723-4244-A8FE-1461C3C26CF7}.Debug|Any CPU.ActiveCfg = Debug|Any CPU
		{3B2C7AA7-8723-4244-A8FE-1461C3C26CF7}.Debug|Any CPU.Build.0 = Debug|Any CPU
		{3B2C7AA7-8723-4244-A8FE-1461C3C26CF7}.Release|Any CPU.ActiveCfg = Release|Any CPU
		{3B2C7AA7-8723-4244-A8FE-1461C3C26CF7}.Release|Any CPU.Build.0 = Release|Any CPU
		{487BE4EF-5856-49EB-A7A9-874AEBEA79E8}.Debug|Any CPU.ActiveCfg = Debug|Any CPU
		{487BE4EF-5856-49EB-A7A9-874AEBEA79E8}.Debug|Any CPU.Build.0 = Debug|Any CPU
		{487BE4EF-5856-49EB-A7A9-874AEBEA79E8}.Release|Any CPU.ActiveCfg = Release|Any CPU
		{487BE4EF-5856-49EB-A7A9-874AEBEA79E8}.Release|Any CPU.Build.0 = Release|Any CPU
		{D201807D-6B7B-4C5F-9998-520CA8B8BA34}.Debug|Any CPU.ActiveCfg = Debug|Any CPU
		{D201807D-6B7B-4C5F-9998-520CA8B8BA34}.Debug|Any CPU.Build.0 = Debug|Any CPU
		{D201807D-6B7B-4C5F-9998-520CA8B8BA34}.Release|Any CPU.ActiveCfg = Release|Any CPU
		{D201807D-6B7B-4C5F-9998-520CA8B8BA34}.Release|Any CPU.Build.0 = Release|Any CPU
		{06099761-9C1C-4061-9BCD-AE84A47CDBA4}.Debug|Any CPU.ActiveCfg = Debug|Any CPU
		{06099761-9C1C-4061-9BCD-AE84A47CDBA4}.Debug|Any CPU.Build.0 = Debug|Any CPU
		{06099761-9C1C-4061-9BCD-AE84A47CDBA4}.Release|Any CPU.ActiveCfg = Release|Any CPU
		{06099761-9C1C-4061-9BCD-AE84A47CDBA4}.Release|Any CPU.Build.0 = Release|Any CPU
		{CBB0F94E-AFC1-4412-89E6-AA662B6915C4}.Debug|Any CPU.ActiveCfg = Debug|Any CPU
		{CBB0F94E-AFC1-4412-89E6-AA662B6915C4}.Debug|Any CPU.Build.0 = Debug|Any CPU
		{CBB0F94E-AFC1-4412-89E6-AA662B6915C4}.Release|Any CPU.ActiveCfg = Release|Any CPU
		{CBB0F94E-AFC1-4412-89E6-AA662B6915C4}.Release|Any CPU.Build.0 = Release|Any CPU
		{FD1A07F0-F02F-4275-AA01-14F4209568A0}.Debug|Any CPU.ActiveCfg = Debug|Any CPU
		{FD1A07F0-F02F-4275-AA01-14F4209568A0}.Debug|Any CPU.Build.0 = Debug|Any CPU
		{FD1A07F0-F02F-4275-AA01-14F4209568A0}.Release|Any CPU.ActiveCfg = Release|Any CPU
		{FD1A07F0-F02F-4275-AA01-14F4209568A0}.Release|Any CPU.Build.0 = Release|Any CPU
		{4D626E4F-9F60-4B81-A832-8F1272361283}.Debug|Any CPU.ActiveCfg = Debug|Any CPU
		{4D626E4F-9F60-4B81-A832-8F1272361283}.Debug|Any CPU.Build.0 = Debug|Any CPU
		{4D626E4F-9F60-4B81-A832-8F1272361283}.Release|Any CPU.ActiveCfg = Release|Any CPU
		{4D626E4F-9F60-4B81-A832-8F1272361283}.Release|Any CPU.Build.0 = Release|Any CPU
	EndGlobalSection
	GlobalSection(SolutionProperties) = preSolution
		HideSolutionNode = FALSE
	EndGlobalSection
EndGlobal
