
Microsoft Visual Studio Solution File, Format Version 12.00
# Visual Studio 2013
Project("{FAE04EC0-301F-11D3-BF4B-00C04F79EFBC}") = "UnityVS.BackUpLeftRight.CSharp", "UnityVS.BackUpLeftRight.CSharp.csproj", "{EE8DE0FD-6EF3-5C8C-DD79-F7568250311D}"
EndProject
Global
	GlobalSection(SolutionConfigurationPlatforms) = preSolution
		Debug|Any CPU = Debug|Any CPU
		Release|Any CPU = Release|Any CPU
	EndGlobalSection
	GlobalSection(ProjectConfigurationPlatforms) = postSolution
		{EE8DE0FD-6EF3-5C8C-DD79-F7568250311D}.Debug|Any CPU.ActiveCfg = Debug|Any CPU
		{EE8DE0FD-6EF3-5C8C-DD79-F7568250311D}.Debug|Any CPU.Build.0 = Debug|Any CPU
		{EE8DE0FD-6EF3-5C8C-DD79-F7568250311D}.Release|Any CPU.ActiveCfg = Release|Any CPU
		{EE8DE0FD-6EF3-5C8C-DD79-F7568250311D}.Release|Any CPU.Build.0 = Release|Any CPU
	EndGlobalSection
	GlobalSection(SolutionProperties) = preSolution
		HideSolutionNode = FALSE
	EndGlobalSection
EndGlobal
