
Microsoft Visual Studio Solution File, Format Version 12.00
# Visual Studio 2013
Project("{FAE04EC0-301F-11D3-BF4B-00C04F79EFBC}") = "UnityVS.TestExamProject.CSharp", "UnityVS.TestExamProject.CSharp.csproj", "{CFD10773-BAFE-B9F4-E43F-577F023C0815}"
EndProject
Global
	GlobalSection(SolutionConfigurationPlatforms) = preSolution
		Debug|Any CPU = Debug|Any CPU
		Release|Any CPU = Release|Any CPU
	EndGlobalSection
	GlobalSection(ProjectConfigurationPlatforms) = postSolution
		{CFD10773-BAFE-B9F4-E43F-577F023C0815}.Debug|Any CPU.ActiveCfg = Debug|Any CPU
		{CFD10773-BAFE-B9F4-E43F-577F023C0815}.Debug|Any CPU.Build.0 = Debug|Any CPU
		{CFD10773-BAFE-B9F4-E43F-577F023C0815}.Release|Any CPU.ActiveCfg = Release|Any CPU
		{CFD10773-BAFE-B9F4-E43F-577F023C0815}.Release|Any CPU.Build.0 = Release|Any CPU
	EndGlobalSection
	GlobalSection(SolutionProperties) = preSolution
		HideSolutionNode = FALSE
	EndGlobalSection
EndGlobal
