
Microsoft Visual Studio Solution File, Format Version 12.00
# Visual Studio 2013
Project("{FAE04EC0-301F-11D3-BF4B-00C04F79EFBC}") = "UnityVS.Homework2.CSharp", "UnityVS.Homework2.CSharp.csproj", "{BD997F90-26EB-8A29-7C36-4E3CA7850E0D}"
EndProject
Global
	GlobalSection(SolutionConfigurationPlatforms) = preSolution
		Debug|Any CPU = Debug|Any CPU
		Release|Any CPU = Release|Any CPU
	EndGlobalSection
	GlobalSection(ProjectConfigurationPlatforms) = postSolution
		{BD997F90-26EB-8A29-7C36-4E3CA7850E0D}.Debug|Any CPU.ActiveCfg = Debug|Any CPU
		{BD997F90-26EB-8A29-7C36-4E3CA7850E0D}.Debug|Any CPU.Build.0 = Debug|Any CPU
		{BD997F90-26EB-8A29-7C36-4E3CA7850E0D}.Release|Any CPU.ActiveCfg = Release|Any CPU
		{BD997F90-26EB-8A29-7C36-4E3CA7850E0D}.Release|Any CPU.Build.0 = Release|Any CPU
	EndGlobalSection
	GlobalSection(SolutionProperties) = preSolution
		HideSolutionNode = FALSE
	EndGlobalSection
EndGlobal
