
Microsoft Visual Studio Solution File, Format Version 12.00
# Visual Studio 2013
VisualStudioVersion = 12.0.30324.0
MinimumVisualStudioVersion = 10.0.40219.1
Project("{FAE04EC0-301F-11D3-BF4B-00C04F79EFBC}") = "TheFootblaPlayer", "TheFootblaPlayer\TheFootblaPlayer.csproj", "{04E605A9-79BD-40D7-A718-3409D59E1D7B}"
EndProject
Project("{FAE04EC0-301F-11D3-BF4B-00C04F79EFBC}") = "Halfum", "Halfum\Halfum.csproj", "{E994579F-4941-422E-960E-3FECA8D83D6B}"
EndProject
Project("{FAE04EC0-301F-11D3-BF4B-00C04F79EFBC}") = "DrawSungalsses", "DrawSungalsses\DrawSungalsses.csproj", "{55E681D2-C249-42BA-B66B-1CCF5FC6BEC8}"
EndProject
Project("{FAE04EC0-301F-11D3-BF4B-00C04F79EFBC}") = "NineDigitMagicNumbers", "NineDigitMagicNumbers\NineDigitMagicNumbers.csproj", "{11D37F04-E9D2-4410-8A20-92F46F2B348F}"
EndProject
Global
	GlobalSection(SolutionConfigurationPlatforms) = preSolution
		Debug|Any CPU = Debug|Any CPU
		Release|Any CPU = Release|Any CPU
	EndGlobalSection
	GlobalSection(ProjectConfigurationPlatforms) = postSolution
		{04E605A9-79BD-40D7-A718-3409D59E1D7B}.Debug|Any CPU.ActiveCfg = Debug|Any CPU
		{04E605A9-79BD-40D7-A718-3409D59E1D7B}.Debug|Any CPU.Build.0 = Debug|Any CPU
		{04E605A9-79BD-40D7-A718-3409D59E1D7B}.Release|Any CPU.ActiveCfg = Release|Any CPU
		{04E605A9-79BD-40D7-A718-3409D59E1D7B}.Release|Any CPU.Build.0 = Release|Any CPU
		{E994579F-4941-422E-960E-3FECA8D83D6B}.Debug|Any CPU.ActiveCfg = Debug|Any CPU
		{E994579F-4941-422E-960E-3FECA8D83D6B}.Debug|Any CPU.Build.0 = Debug|Any CPU
		{E994579F-4941-422E-960E-3FECA8D83D6B}.Release|Any CPU.ActiveCfg = Release|Any CPU
		{E994579F-4941-422E-960E-3FECA8D83D6B}.Release|Any CPU.Build.0 = Release|Any CPU
		{55E681D2-C249-42BA-B66B-1CCF5FC6BEC8}.Debug|Any CPU.ActiveCfg = Debug|Any CPU
		{55E681D2-C249-42BA-B66B-1CCF5FC6BEC8}.Debug|Any CPU.Build.0 = Debug|Any CPU
		{55E681D2-C249-42BA-B66B-1CCF5FC6BEC8}.Release|Any CPU.ActiveCfg = Release|Any CPU
		{55E681D2-C249-42BA-B66B-1CCF5FC6BEC8}.Release|Any CPU.Build.0 = Release|Any CPU
		{11D37F04-E9D2-4410-8A20-92F46F2B348F}.Debug|Any CPU.ActiveCfg = Debug|Any CPU
		{11D37F04-E9D2-4410-8A20-92F46F2B348F}.Debug|Any CPU.Build.0 = Debug|Any CPU
		{11D37F04-E9D2-4410-8A20-92F46F2B348F}.Release|Any CPU.ActiveCfg = Release|Any CPU
		{11D37F04-E9D2-4410-8A20-92F46F2B348F}.Release|Any CPU.Build.0 = Release|Any CPU
	EndGlobalSection
	GlobalSection(SolutionProperties) = preSolution
		HideSolutionNode = FALSE
	EndGlobalSection
EndGlobal
