
Microsoft Visual Studio Solution File, Format Version 12.00
# Visual Studio 14
VisualStudioVersion = 14.0.23107.0
MinimumVisualStudioVersion = 10.0.40219.1
Project("{FAE04EC0-301F-11D3-BF4B-00C04F79EFBC}") = "News.Models", "News.Models\News.Models.csproj", "{B3B2C010-579D-4E4E-8BB4-CE792164EE2D}"
EndProject
Project("{FAE04EC0-301F-11D3-BF4B-00C04F79EFBC}") = "News.Data", "News.Data\News.Data.csproj", "{C698CF18-DEFC-46CC-917B-976F60AEBD5F}"
EndProject
Project("{FAE04EC0-301F-11D3-BF4B-00C04F79EFBC}") = "News.WebService", "News.WebService\News.WebService.csproj", "{0132E693-1E5D-4D12-BBA3-0029A0BE25ED}"
EndProject
Project("{FAE04EC0-301F-11D3-BF4B-00C04F79EFBC}") = "News.Test", "News.Test\News.Test.csproj", "{C2369641-8137-428A-A945-382DA577ADA5}"
EndProject
Global
	GlobalSection(SolutionConfigurationPlatforms) = preSolution
		Debug|Any CPU = Debug|Any CPU
		Release|Any CPU = Release|Any CPU
	EndGlobalSection
	GlobalSection(ProjectConfigurationPlatforms) = postSolution
		{B3B2C010-579D-4E4E-8BB4-CE792164EE2D}.Debug|Any CPU.ActiveCfg = Debug|Any CPU
		{B3B2C010-579D-4E4E-8BB4-CE792164EE2D}.Debug|Any CPU.Build.0 = Debug|Any CPU
		{B3B2C010-579D-4E4E-8BB4-CE792164EE2D}.Release|Any CPU.ActiveCfg = Release|Any CPU
		{B3B2C010-579D-4E4E-8BB4-CE792164EE2D}.Release|Any CPU.Build.0 = Release|Any CPU
		{C698CF18-DEFC-46CC-917B-976F60AEBD5F}.Debug|Any CPU.ActiveCfg = Debug|Any CPU
		{C698CF18-DEFC-46CC-917B-976F60AEBD5F}.Debug|Any CPU.Build.0 = Debug|Any CPU
		{C698CF18-DEFC-46CC-917B-976F60AEBD5F}.Release|Any CPU.ActiveCfg = Release|Any CPU
		{C698CF18-DEFC-46CC-917B-976F60AEBD5F}.Release|Any CPU.Build.0 = Release|Any CPU
		{0132E693-1E5D-4D12-BBA3-0029A0BE25ED}.Debug|Any CPU.ActiveCfg = Debug|Any CPU
		{0132E693-1E5D-4D12-BBA3-0029A0BE25ED}.Debug|Any CPU.Build.0 = Debug|Any CPU
		{0132E693-1E5D-4D12-BBA3-0029A0BE25ED}.Release|Any CPU.ActiveCfg = Release|Any CPU
		{0132E693-1E5D-4D12-BBA3-0029A0BE25ED}.Release|Any CPU.Build.0 = Release|Any CPU
		{C2369641-8137-428A-A945-382DA577ADA5}.Debug|Any CPU.ActiveCfg = Debug|Any CPU
		{C2369641-8137-428A-A945-382DA577ADA5}.Debug|Any CPU.Build.0 = Debug|Any CPU
		{C2369641-8137-428A-A945-382DA577ADA5}.Release|Any CPU.ActiveCfg = Release|Any CPU
		{C2369641-8137-428A-A945-382DA577ADA5}.Release|Any CPU.Build.0 = Release|Any CPU
	EndGlobalSection
	GlobalSection(SolutionProperties) = preSolution
		HideSolutionNode = FALSE
	EndGlobalSection
EndGlobal
